
Microsoft Visual Studio Solution File, Format Version 12.00
# Visual Studio Version 17
VisualStudioVersion = 17.6.33717.318
MinimumVisualStudioVersion = 10.0.40219.1
Project("{FAE04EC0-301F-11D3-BF4B-00C04F79EFBC}") = "Population Database", "Population Database.csproj", "{0CD19F8B-75B4-4A96-B85A-8E5C566D17D0}"
EndProject
Global
	GlobalSection(SolutionConfigurationPlatforms) = preSolution
		Debug|Any CPU = Debug|Any CPU
		Release|Any CPU = Release|Any CPU
	EndGlobalSection
	GlobalSection(ProjectConfigurationPlatforms) = postSolution
		{0CD19F8B-75B4-4A96-B85A-8E5C566D17D0}.Debug|Any CPU.ActiveCfg = Debug|Any CPU
		{0CD19F8B-75B4-4A96-B85A-8E5C566D17D0}.Debug|Any CPU.Build.0 = Debug|Any CPU
		{0CD19F8B-75B4-4A96-B85A-8E5C566D17D0}.Release|Any CPU.ActiveCfg = Release|Any CPU
		{0CD19F8B-75B4-4A96-B85A-8E5C566D17D0}.Release|Any CPU.Build.0 = Release|Any CPU
	EndGlobalSection
	GlobalSection(SolutionProperties) = preSolution
		HideSolutionNode = FALSE
	EndGlobalSection
	GlobalSection(ExtensibilityGlobals) = postSolution
		SolutionGuid = {25C82FAE-71DE-4BD9-ABA1-5EA7409BE9A9}
	EndGlobalSection
EndGlobal
